// !$*UTF8*$!
{
	archiveVersion = 1;
	classes = {
	};
	objectVersion = 50;
	objects = {

/* Begin PBXBuildFile section */
		43F210228609D79682DCB263 /* libPods-SmartCardReaderARCTests.a in Frameworks */ = {isa = PBXBuildFile; fileRef = 8B7F83E8FBF655B0DB39948C /* libPods-SmartCardReaderARCTests.a */; };
		8277EF5520FB7EDD00DF4BC6 /* AppDelegate.m in Sources */ = {isa = PBXBuildFile; fileRef = 8277EF5420FB7EDD00DF4BC6 /* AppDelegate.m */; };
		8277EF5820FB7EDD00DF4BC6 /* ViewController.m in Sources */ = {isa = PBXBuildFile; fileRef = 8277EF5720FB7EDD00DF4BC6 /* ViewController.m */; };
		8277EF5B20FB7EDD00DF4BC6 /* Main.storyboard in Resources */ = {isa = PBXBuildFile; fileRef = 8277EF5920FB7EDD00DF4BC6 /* Main.storyboard */; };
		8277EF5D20FB7EDE00DF4BC6 /* Assets.xcassets in Resources */ = {isa = PBXBuildFile; fileRef = 8277EF5C20FB7EDE00DF4BC6 /* Assets.xcassets */; };
		8277EF6020FB7EDE00DF4BC6 /* LaunchScreen.storyboard in Resources */ = {isa = PBXBuildFile; fileRef = 8277EF5E20FB7EDE00DF4BC6 /* LaunchScreen.storyboard */; };
		8277EF6320FB7EDE00DF4BC6 /* main.m in Sources */ = {isa = PBXBuildFile; fileRef = 8277EF6220FB7EDE00DF4BC6 /* main.m */; };
		8277EF6D20FB7EDE00DF4BC6 /* SmartCardReaderARCTests.m in Sources */ = {isa = PBXBuildFile; fileRef = 8277EF6C20FB7EDE00DF4BC6 /* SmartCardReaderARCTests.m */; };
		8277EF7920FB7F6800DF4BC6 /* libiOSLibrary.a in Frameworks */ = {isa = PBXBuildFile; fileRef = 8277EF7820FB7F6800DF4BC6 /* libiOSLibrary.a */; };
		8277EF9A20FB847800DF4BC6 /* PublicDataReader.m in Sources */ = {isa = PBXBuildFile; fileRef = 8277EF9220FB847800DF4BC6 /* PublicDataReader.m */; };
		8277EF9B20FB847800DF4BC6 /* CAPDU.m in Sources */ = {isa = PBXBuildFile; fileRef = 8277EF9620FB847800DF4BC6 /* CAPDU.m */; };
		8277EF9D20FB847800DF4BC6 /* RAPDU.m in Sources */ = {isa = PBXBuildFile; fileRef = 8277EF9920FB847800DF4BC6 /* RAPDU.m */; };
		8277EFA020FB918B00DF4BC6 /* APDU.m in Sources */ = {isa = PBXBuildFile; fileRef = 8277EF9E20FB918B00DF4BC6 /* APDU.m */; };
		8277EFA520FBC2E400DF4BC6 /* AudioToolbox.framework in Frameworks */ = {isa = PBXBuildFile; fileRef = 8277EFA420FBC2E400DF4BC6 /* AudioToolbox.framework */; };
		8913AF1820FE146000224E26 /* RAPDUParser.m in Sources */ = {isa = PBXBuildFile; fileRef = 8913AF1720FE146000224E26 /* RAPDUParser.m */; };
		8913AF1B20FE2DCA00224E26 /* NSString+BytesFromString.m in Sources */ = {isa = PBXBuildFile; fileRef = 8913AF1A20FE2DCA00224E26 /* NSString+BytesFromString.m */; };
		8913AF1E20FF315500224E26 /* NSData+ByteManipulation.m in Sources */ = {isa = PBXBuildFile; fileRef = 8913AF1D20FF315500224E26 /* NSData+ByteManipulation.m */; };
		8913AF2120FF31D700224E26 /* NSArray+ByteManipulation.m in Sources */ = {isa = PBXBuildFile; fileRef = 8913AF1F20FF31D700224E26 /* NSArray+ByteManipulation.m */; };
		8913AF2520FF35D200224E26 /* TactivoExecutioner.m in Sources */ = {isa = PBXBuildFile; fileRef = 8913AF2420FF35D200224E26 /* TactivoExecutioner.m */; };
		8913AF2820FF7C8800224E26 /* SFIWithRecordNumbers.m in Sources */ = {isa = PBXBuildFile; fileRef = 8913AF2720FF7C8800224E26 /* SFIWithRecordNumbers.m */; };
		896EC5FC20FDD21E005BC89F /* CAPDUGenerator.m in Sources */ = {isa = PBXBuildFile; fileRef = 896EC5FB20FDD21E005BC89F /* CAPDUGenerator.m */; };
		AFFA64A7946F646BB23A58EB /* libPods-SmartCardReaderARC.a in Frameworks */ = {isa = PBXBuildFile; fileRef = 056C1529086597D6EA9AD377 /* libPods-SmartCardReaderARC.a */; };
/* End PBXBuildFile section */

/* Begin PBXContainerItemProxy section */
		8277EF6920FB7EDE00DF4BC6 /* PBXContainerItemProxy */ = {
			isa = PBXContainerItemProxy;
			containerPortal = 8277EF4820FB7EDD00DF4BC6 /* Project object */;
			proxyType = 1;
			remoteGlobalIDString = 8277EF4F20FB7EDD00DF4BC6;
			remoteInfo = SmartCardReaderARC;
		};
/* End PBXContainerItemProxy section */

/* Begin PBXFileReference section */
		056C1529086597D6EA9AD377 /* libPods-SmartCardReaderARC.a */ = {isa = PBXFileReference; explicitFileType = archive.ar; includeInIndex = 0; path = "libPods-SmartCardReaderARC.a"; sourceTree = BUILT_PRODUCTS_DIR; };
		338B2713C0CC1C13E01E1629 /* Pods-SmartCardReaderARCTests.release.xcconfig */ = {isa = PBXFileReference; includeInIndex = 1; lastKnownFileType = text.xcconfig; name = "Pods-SmartCardReaderARCTests.release.xcconfig"; path = "Pods/Target Support Files/Pods-SmartCardReaderARCTests/Pods-SmartCardReaderARCTests.release.xcconfig"; sourceTree = "<group>"; };
		61A5E681FC7E0A2FBE338A05 /* Pods-SmartCardReaderARC.release.xcconfig */ = {isa = PBXFileReference; includeInIndex = 1; lastKnownFileType = text.xcconfig; name = "Pods-SmartCardReaderARC.release.xcconfig"; path = "Pods/Target Support Files/Pods-SmartCardReaderARC/Pods-SmartCardReaderARC.release.xcconfig"; sourceTree = "<group>"; };
		8277EF5020FB7EDD00DF4BC6 /* SmartCardReaderARC.app */ = {isa = PBXFileReference; explicitFileType = wrapper.application; includeInIndex = 0; path = SmartCardReaderARC.app; sourceTree = BUILT_PRODUCTS_DIR; };
		8277EF5320FB7EDD00DF4BC6 /* AppDelegate.h */ = {isa = PBXFileReference; lastKnownFileType = sourcecode.c.h; path = AppDelegate.h; sourceTree = "<group>"; };
		8277EF5420FB7EDD00DF4BC6 /* AppDelegate.m */ = {isa = PBXFileReference; lastKnownFileType = sourcecode.c.objc; path = AppDelegate.m; sourceTree = "<group>"; };
		8277EF5620FB7EDD00DF4BC6 /* ViewController.h */ = {isa = PBXFileReference; lastKnownFileType = sourcecode.c.h; path = ViewController.h; sourceTree = "<group>"; };
		8277EF5720FB7EDD00DF4BC6 /* ViewController.m */ = {isa = PBXFileReference; lastKnownFileType = sourcecode.c.objc; path = ViewController.m; sourceTree = "<group>"; };
		8277EF5A20FB7EDD00DF4BC6 /* Base */ = {isa = PBXFileReference; lastKnownFileType = file.storyboard; name = Base; path = Base.lproj/Main.storyboard; sourceTree = "<group>"; };
		8277EF5C20FB7EDE00DF4BC6 /* Assets.xcassets */ = {isa = PBXFileReference; lastKnownFileType = folder.assetcatalog; path = Assets.xcassets; sourceTree = "<group>"; };
		8277EF5F20FB7EDE00DF4BC6 /* Base */ = {isa = PBXFileReference; lastKnownFileType = file.storyboard; name = Base; path = Base.lproj/LaunchScreen.storyboard; sourceTree = "<group>"; };
		8277EF6120FB7EDE00DF4BC6 /* Info.plist */ = {isa = PBXFileReference; lastKnownFileType = text.plist.xml; path = Info.plist; sourceTree = "<group>"; };
		8277EF6220FB7EDE00DF4BC6 /* main.m */ = {isa = PBXFileReference; lastKnownFileType = sourcecode.c.objc; path = main.m; sourceTree = "<group>"; };
		8277EF6820FB7EDE00DF4BC6 /* SmartCardReaderARCTests.xctest */ = {isa = PBXFileReference; explicitFileType = wrapper.cfbundle; includeInIndex = 0; path = SmartCardReaderARCTests.xctest; sourceTree = BUILT_PRODUCTS_DIR; };
		8277EF6C20FB7EDE00DF4BC6 /* SmartCardReaderARCTests.m */ = {isa = PBXFileReference; lastKnownFileType = sourcecode.c.objc; path = SmartCardReaderARCTests.m; sourceTree = "<group>"; };
		8277EF6E20FB7EDE00DF4BC6 /* Info.plist */ = {isa = PBXFileReference; lastKnownFileType = text.plist.xml; path = Info.plist; sourceTree = "<group>"; };
		8277EF7820FB7F6800DF4BC6 /* libiOSLibrary.a */ = {isa = PBXFileReference; lastKnownFileType = archive.ar; name = libiOSLibrary.a; path = lib/libiOSLibrary.a; sourceTree = "<group>"; };
		8277EF9220FB847800DF4BC6 /* PublicDataReader.m */ = {isa = PBXFileReference; fileEncoding = 4; lastKnownFileType = sourcecode.c.objc; path = PublicDataReader.m; sourceTree = "<group>"; };
		8277EF9320FB847800DF4BC6 /* CAPDU.h */ = {isa = PBXFileReference; fileEncoding = 4; lastKnownFileType = sourcecode.c.h; path = CAPDU.h; sourceTree = "<group>"; };
		8277EF9420FB847800DF4BC6 /* RAPDU.h */ = {isa = PBXFileReference; fileEncoding = 4; lastKnownFileType = sourcecode.c.h; path = RAPDU.h; sourceTree = "<group>"; };
		8277EF9620FB847800DF4BC6 /* CAPDU.m */ = {isa = PBXFileReference; fileEncoding = 4; lastKnownFileType = sourcecode.c.objc; path = CAPDU.m; sourceTree = "<group>"; };
		8277EF9720FB847800DF4BC6 /* PublicDataReader.h */ = {isa = PBXFileReference; fileEncoding = 4; lastKnownFileType = sourcecode.c.h; path = PublicDataReader.h; sourceTree = "<group>"; };
		8277EF9920FB847800DF4BC6 /* RAPDU.m */ = {isa = PBXFileReference; fileEncoding = 4; lastKnownFileType = sourcecode.c.objc; path = RAPDU.m; sourceTree = "<group>"; };
		8277EF9E20FB918B00DF4BC6 /* APDU.m */ = {isa = PBXFileReference; fileEncoding = 4; lastKnownFileType = sourcecode.c.objc; path = APDU.m; sourceTree = "<group>"; };
		8277EF9F20FB918B00DF4BC6 /* APDU.h */ = {isa = PBXFileReference; fileEncoding = 4; lastKnownFileType = sourcecode.c.h; path = APDU.h; sourceTree = "<group>"; };
		8277EFA420FBC2E400DF4BC6 /* AudioToolbox.framework */ = {isa = PBXFileReference; lastKnownFileType = wrapper.framework; name = AudioToolbox.framework; path = System/Library/Frameworks/AudioToolbox.framework; sourceTree = SDKROOT; };
		8913AF1620FE146000224E26 /* RAPDUParser.h */ = {isa = PBXFileReference; lastKnownFileType = sourcecode.c.h; path = RAPDUParser.h; sourceTree = "<group>"; };
		8913AF1720FE146000224E26 /* RAPDUParser.m */ = {isa = PBXFileReference; lastKnownFileType = sourcecode.c.objc; path = RAPDUParser.m; sourceTree = "<group>"; };
		8913AF1920FE2DCA00224E26 /* NSString+BytesFromString.h */ = {isa = PBXFileReference; lastKnownFileType = sourcecode.c.h; path = "NSString+BytesFromString.h"; sourceTree = "<group>"; };
		8913AF1A20FE2DCA00224E26 /* NSString+BytesFromString.m */ = {isa = PBXFileReference; lastKnownFileType = sourcecode.c.objc; path = "NSString+BytesFromString.m"; sourceTree = "<group>"; };
		8913AF1C20FF315500224E26 /* NSData+ByteManipulation.h */ = {isa = PBXFileReference; lastKnownFileType = sourcecode.c.h; path = "NSData+ByteManipulation.h"; sourceTree = "<group>"; };
		8913AF1D20FF315500224E26 /* NSData+ByteManipulation.m */ = {isa = PBXFileReference; lastKnownFileType = sourcecode.c.objc; path = "NSData+ByteManipulation.m"; sourceTree = "<group>"; };
		8913AF1F20FF31D700224E26 /* NSArray+ByteManipulation.m */ = {isa = PBXFileReference; fileEncoding = 4; lastKnownFileType = sourcecode.c.objc; path = "NSArray+ByteManipulation.m"; sourceTree = "<group>"; };
		8913AF2020FF31D700224E26 /* NSArray+ByteManipulation.h */ = {isa = PBXFileReference; fileEncoding = 4; lastKnownFileType = sourcecode.c.h; path = "NSArray+ByteManipulation.h"; sourceTree = "<group>"; };
		8913AF2220FF359800224E26 /* CardReaderCommandExecutioner.h */ = {isa = PBXFileReference; lastKnownFileType = sourcecode.c.h; path = CardReaderCommandExecutioner.h; sourceTree = "<group>"; };
		8913AF2320FF35D200224E26 /* TactivoExecutioner.h */ = {isa = PBXFileReference; lastKnownFileType = sourcecode.c.h; path = TactivoExecutioner.h; sourceTree = "<group>"; };
		8913AF2420FF35D200224E26 /* TactivoExecutioner.m */ = {isa = PBXFileReference; lastKnownFileType = sourcecode.c.objc; path = TactivoExecutioner.m; sourceTree = "<group>"; };
		8913AF2620FF7C8800224E26 /* SFIWithRecordNumbers.h */ = {isa = PBXFileReference; lastKnownFileType = sourcecode.c.h; path = SFIWithRecordNumbers.h; sourceTree = "<group>"; };
		8913AF2720FF7C8800224E26 /* SFIWithRecordNumbers.m */ = {isa = PBXFileReference; lastKnownFileType = sourcecode.c.objc; path = SFIWithRecordNumbers.m; sourceTree = "<group>"; };
		896EC5FA20FDD21E005BC89F /* CAPDUGenerator.h */ = {isa = PBXFileReference; lastKnownFileType = sourcecode.c.h; path = CAPDUGenerator.h; sourceTree = "<group>"; };
		896EC5FB20FDD21E005BC89F /* CAPDUGenerator.m */ = {isa = PBXFileReference; lastKnownFileType = sourcecode.c.objc; path = CAPDUGenerator.m; sourceTree = "<group>"; };
		8B7F83E8FBF655B0DB39948C /* libPods-SmartCardReaderARCTests.a */ = {isa = PBXFileReference; explicitFileType = archive.ar; includeInIndex = 0; path = "libPods-SmartCardReaderARCTests.a"; sourceTree = BUILT_PRODUCTS_DIR; };
		8D28A030C0AB434E6807CB68 /* Pods-SmartCardReaderARC.debug.xcconfig */ = {isa = PBXFileReference; includeInIndex = 1; lastKnownFileType = text.xcconfig; name = "Pods-SmartCardReaderARC.debug.xcconfig"; path = "Pods/Target Support Files/Pods-SmartCardReaderARC/Pods-SmartCardReaderARC.debug.xcconfig"; sourceTree = "<group>"; };
		C5CEC8C1C3D22C0CE27C1D0F /* Pods-SmartCardReaderARCTests.debug.xcconfig */ = {isa = PBXFileReference; includeInIndex = 1; lastKnownFileType = text.xcconfig; name = "Pods-SmartCardReaderARCTests.debug.xcconfig"; path = "Pods/Target Support Files/Pods-SmartCardReaderARCTests/Pods-SmartCardReaderARCTests.debug.xcconfig"; sourceTree = "<group>"; };
/* End PBXFileReference section */

/* Begin PBXFrameworksBuildPhase section */
		8277EF4D20FB7EDD00DF4BC6 /* Frameworks */ = {
			isa = PBXFrameworksBuildPhase;
			buildActionMask = 2147483647;
			files = (
				8277EFA520FBC2E400DF4BC6 /* AudioToolbox.framework in Frameworks */,
				8277EF7920FB7F6800DF4BC6 /* libiOSLibrary.a in Frameworks */,
				AFFA64A7946F646BB23A58EB /* libPods-SmartCardReaderARC.a in Frameworks */,
			);
			runOnlyForDeploymentPostprocessing = 0;
		};
		8277EF6520FB7EDE00DF4BC6 /* Frameworks */ = {
			isa = PBXFrameworksBuildPhase;
			buildActionMask = 2147483647;
			files = (
				43F210228609D79682DCB263 /* libPods-SmartCardReaderARCTests.a in Frameworks */,
			);
			runOnlyForDeploymentPostprocessing = 0;
		};
/* End PBXFrameworksBuildPhase section */

/* Begin PBXGroup section */
		8277EF4720FB7EDD00DF4BC6 = {
			isa = PBXGroup;
			children = (
				8277EF5220FB7EDD00DF4BC6 /* SmartCardReaderARC */,
				8277EF6B20FB7EDE00DF4BC6 /* SmartCardReaderARCTests */,
				8277EF5120FB7EDD00DF4BC6 /* Products */,
				8277EF7720FB7F6800DF4BC6 /* Frameworks */,
				9185946349FD629875FCF36A /* Pods */,
			);
			sourceTree = "<group>";
		};
		8277EF5120FB7EDD00DF4BC6 /* Products */ = {
			isa = PBXGroup;
			children = (
				8277EF5020FB7EDD00DF4BC6 /* SmartCardReaderARC.app */,
				8277EF6820FB7EDE00DF4BC6 /* SmartCardReaderARCTests.xctest */,
			);
			name = Products;
			sourceTree = "<group>";
		};
		8277EF5220FB7EDD00DF4BC6 /* SmartCardReaderARC */ = {
			isa = PBXGroup;
			children = (
				8913AF2620FF7C8800224E26 /* SFIWithRecordNumbers.h */,
				8913AF2720FF7C8800224E26 /* SFIWithRecordNumbers.m */,
				8913AF2220FF359800224E26 /* CardReaderCommandExecutioner.h */,
				8913AF2320FF35D200224E26 /* TactivoExecutioner.h */,
				8913AF2420FF35D200224E26 /* TactivoExecutioner.m */,
				8277EF9720FB847800DF4BC6 /* PublicDataReader.h */,
				8277EF9220FB847800DF4BC6 /* PublicDataReader.m */,
				8913AF1C20FF315500224E26 /* NSData+ByteManipulation.h */,
				8913AF1D20FF315500224E26 /* NSData+ByteManipulation.m */,
				8913AF2020FF31D700224E26 /* NSArray+ByteManipulation.h */,
				8913AF1F20FF31D700224E26 /* NSArray+ByteManipulation.m */,
				8277EF9F20FB918B00DF4BC6 /* APDU.h */,
				8277EF9E20FB918B00DF4BC6 /* APDU.m */,
				8277EF9320FB847800DF4BC6 /* CAPDU.h */,
				8277EF9620FB847800DF4BC6 /* CAPDU.m */,
				896EC5FA20FDD21E005BC89F /* CAPDUGenerator.h */,
				896EC5FB20FDD21E005BC89F /* CAPDUGenerator.m */,
				8277EF9420FB847800DF4BC6 /* RAPDU.h */,
				8277EF9920FB847800DF4BC6 /* RAPDU.m */,
				8913AF1620FE146000224E26 /* RAPDUParser.h */,
				8913AF1720FE146000224E26 /* RAPDUParser.m */,
				8277EF5320FB7EDD00DF4BC6 /* AppDelegate.h */,
				8277EF5420FB7EDD00DF4BC6 /* AppDelegate.m */,
				8277EF5620FB7EDD00DF4BC6 /* ViewController.h */,
				8277EF5720FB7EDD00DF4BC6 /* ViewController.m */,
				8277EF5920FB7EDD00DF4BC6 /* Main.storyboard */,
				8277EF5C20FB7EDE00DF4BC6 /* Assets.xcassets */,
				8277EF5E20FB7EDE00DF4BC6 /* LaunchScreen.storyboard */,
				8277EF6120FB7EDE00DF4BC6 /* Info.plist */,
				8277EF6220FB7EDE00DF4BC6 /* main.m */,
				8913AF1920FE2DCA00224E26 /* NSString+BytesFromString.h */,
				8913AF1A20FE2DCA00224E26 /* NSString+BytesFromString.m */,
			);
			path = SmartCardReaderARC;
			sourceTree = "<group>";
		};
		8277EF6B20FB7EDE00DF4BC6 /* SmartCardReaderARCTests */ = {
			isa = PBXGroup;
			children = (
				8277EF6C20FB7EDE00DF4BC6 /* SmartCardReaderARCTests.m */,
				8277EF6E20FB7EDE00DF4BC6 /* Info.plist */,
			);
			path = SmartCardReaderARCTests;
			sourceTree = "<group>";
		};
		8277EF7720FB7F6800DF4BC6 /* Frameworks */ = {
			isa = PBXGroup;
			children = (
				8277EFA420FBC2E400DF4BC6 /* AudioToolbox.framework */,
				8277EF7820FB7F6800DF4BC6 /* libiOSLibrary.a */,
				056C1529086597D6EA9AD377 /* libPods-SmartCardReaderARC.a */,
				8B7F83E8FBF655B0DB39948C /* libPods-SmartCardReaderARCTests.a */,
			);
			name = Frameworks;
			sourceTree = "<group>";
		};
		9185946349FD629875FCF36A /* Pods */ = {
			isa = PBXGroup;
			children = (
				8D28A030C0AB434E6807CB68 /* Pods-SmartCardReaderARC.debug.xcconfig */,
				61A5E681FC7E0A2FBE338A05 /* Pods-SmartCardReaderARC.release.xcconfig */,
				C5CEC8C1C3D22C0CE27C1D0F /* Pods-SmartCardReaderARCTests.debug.xcconfig */,
				338B2713C0CC1C13E01E1629 /* Pods-SmartCardReaderARCTests.release.xcconfig */,
			);
			name = Pods;
			sourceTree = "<group>";
		};
/* End PBXGroup section */

/* Begin PBXNativeTarget section */
		8277EF4F20FB7EDD00DF4BC6 /* SmartCardReaderARC */ = {
			isa = PBXNativeTarget;
			buildConfigurationList = 8277EF7120FB7EDE00DF4BC6 /* Build configuration list for PBXNativeTarget "SmartCardReaderARC" */;
			buildPhases = (
				44954A2D1E6E134DDD18E9C2 /* [CP] Check Pods Manifest.lock */,
				8277EF4C20FB7EDD00DF4BC6 /* Sources */,
				8277EF4D20FB7EDD00DF4BC6 /* Frameworks */,
				8277EF4E20FB7EDD00DF4BC6 /* Resources */,
			);
			buildRules = (
			);
			dependencies = (
			);
			name = SmartCardReaderARC;
			productName = SmartCardReaderARC;
			productReference = 8277EF5020FB7EDD00DF4BC6 /* SmartCardReaderARC.app */;
			productType = "com.apple.product-type.application";
		};
		8277EF6720FB7EDE00DF4BC6 /* SmartCardReaderARCTests */ = {
			isa = PBXNativeTarget;
			buildConfigurationList = 8277EF7420FB7EDE00DF4BC6 /* Build configuration list for PBXNativeTarget "SmartCardReaderARCTests" */;
			buildPhases = (
				ADD778D5D2CC979A2B68F631 /* [CP] Check Pods Manifest.lock */,
				8277EF6420FB7EDE00DF4BC6 /* Sources */,
				8277EF6520FB7EDE00DF4BC6 /* Frameworks */,
				8277EF6620FB7EDE00DF4BC6 /* Resources */,
			);
			buildRules = (
			);
			dependencies = (
				8277EF6A20FB7EDE00DF4BC6 /* PBXTargetDependency */,
			);
			name = SmartCardReaderARCTests;
			productName = SmartCardReaderARCTests;
			productReference = 8277EF6820FB7EDE00DF4BC6 /* SmartCardReaderARCTests.xctest */;
			productType = "com.apple.product-type.bundle.unit-test";
		};
/* End PBXNativeTarget section */

/* Begin PBXProject section */
		8277EF4820FB7EDD00DF4BC6 /* Project object */ = {
			isa = PBXProject;
			attributes = {
				LastUpgradeCheck = 0940;
				ORGANIZATIONNAME = "Andrej Trajkovski";
				TargetAttributes = {
					8277EF4F20FB7EDD00DF4BC6 = {
						CreatedOnToolsVersion = 9.4.1;
					};
					8277EF6720FB7EDE00DF4BC6 = {
						CreatedOnToolsVersion = 9.4.1;
						TestTargetID = 8277EF4F20FB7EDD00DF4BC6;
					};
				};
			};
			buildConfigurationList = 8277EF4B20FB7EDD00DF4BC6 /* Build configuration list for PBXProject "SmartCardReaderARC" */;
			compatibilityVersion = "Xcode 9.3";
			developmentRegion = en;
			hasScannedForEncodings = 0;
			knownRegions = (
				en,
				Base,
			);
			mainGroup = 8277EF4720FB7EDD00DF4BC6;
			productRefGroup = 8277EF5120FB7EDD00DF4BC6 /* Products */;
			projectDirPath = "";
			projectRoot = "";
			targets = (
				8277EF4F20FB7EDD00DF4BC6 /* SmartCardReaderARC */,
				8277EF6720FB7EDE00DF4BC6 /* SmartCardReaderARCTests */,
			);
		};
/* End PBXProject section */

/* Begin PBXResourcesBuildPhase section */
		8277EF4E20FB7EDD00DF4BC6 /* Resources */ = {
			isa = PBXResourcesBuildPhase;
			buildActionMask = 2147483647;
			files = (
				8277EF6020FB7EDE00DF4BC6 /* LaunchScreen.storyboard in Resources */,
				8277EF5D20FB7EDE00DF4BC6 /* Assets.xcassets in Resources */,
				8277EF5B20FB7EDD00DF4BC6 /* Main.storyboard in Resources */,
			);
			runOnlyForDeploymentPostprocessing = 0;
		};
		8277EF6620FB7EDE00DF4BC6 /* Resources */ = {
			isa = PBXResourcesBuildPhase;
			buildActionMask = 2147483647;
			files = (
			);
			runOnlyForDeploymentPostprocessing = 0;
		};
/* End PBXResourcesBuildPhase section */

/* Begin PBXShellScriptBuildPhase section */
		44954A2D1E6E134DDD18E9C2 /* [CP] Check Pods Manifest.lock */ = {
			isa = PBXShellScriptBuildPhase;
			buildActionMask = 2147483647;
			files = (
			);
			inputPaths = (
				"${PODS_PODFILE_DIR_PATH}/Podfile.lock",
				"${PODS_ROOT}/Manifest.lock",
			);
			name = "[CP] Check Pods Manifest.lock";
			outputPaths = (
				"$(DERIVED_FILE_DIR)/Pods-SmartCardReaderARC-checkManifestLockResult.txt",
			);
			runOnlyForDeploymentPostprocessing = 0;
			shellPath = /bin/sh;
			shellScript = "diff \"${PODS_PODFILE_DIR_PATH}/Podfile.lock\" \"${PODS_ROOT}/Manifest.lock\" > /dev/null\nif [ $? != 0 ] ; then\n    # print error to STDERR\n    echo \"error: The sandbox is not in sync with the Podfile.lock. Run 'pod install' or update your CocoaPods installation.\" >&2\n    exit 1\nfi\n# This output is used by Xcode 'outputs' to avoid re-running this script phase.\necho \"SUCCESS\" > \"${SCRIPT_OUTPUT_FILE_0}\"\n";
			showEnvVarsInLog = 0;
		};
		ADD778D5D2CC979A2B68F631 /* [CP] Check Pods Manifest.lock */ = {
			isa = PBXShellScriptBuildPhase;
			buildActionMask = 2147483647;
			files = (
			);
			inputPaths = (
				"${PODS_PODFILE_DIR_PATH}/Podfile.lock",
				"${PODS_ROOT}/Manifest.lock",
			);
			name = "[CP] Check Pods Manifest.lock";
			outputPaths = (
				"$(DERIVED_FILE_DIR)/Pods-SmartCardReaderARCTests-checkManifestLockResult.txt",
			);
			runOnlyForDeploymentPostprocessing = 0;
			shellPath = /bin/sh;
			shellScript = "diff \"${PODS_PODFILE_DIR_PATH}/Podfile.lock\" \"${PODS_ROOT}/Manifest.lock\" > /dev/null\nif [ $? != 0 ] ; then\n    # print error to STDERR\n    echo \"error: The sandbox is not in sync with the Podfile.lock. Run 'pod install' or update your CocoaPods installation.\" >&2\n    exit 1\nfi\n# This output is used by Xcode 'outputs' to avoid re-running this script phase.\necho \"SUCCESS\" > \"${SCRIPT_OUTPUT_FILE_0}\"\n";
			showEnvVarsInLog = 0;
		};
/* End PBXShellScriptBuildPhase section */

/* Begin PBXSourcesBuildPhase section */
		8277EF4C20FB7EDD00DF4BC6 /* Sources */ = {
			isa = PBXSourcesBuildPhase;
			buildActionMask = 2147483647;
			files = (
				8913AF1B20FE2DCA00224E26 /* NSString+BytesFromString.m in Sources */,
				8913AF1820FE146000224E26 /* RAPDUParser.m in Sources */,
				8913AF2520FF35D200224E26 /* TactivoExecutioner.m in Sources */,
				8277EF9A20FB847800DF4BC6 /* PublicDataReader.m in Sources */,
				8913AF2120FF31D700224E26 /* NSArray+ByteManipulation.m in Sources */,
				8277EF9D20FB847800DF4BC6 /* RAPDU.m in Sources */,
				8277EFA020FB918B00DF4BC6 /* APDU.m in Sources */,
				8277EF5820FB7EDD00DF4BC6 /* ViewController.m in Sources */,
				8913AF1E20FF315500224E26 /* NSData+ByteManipulation.m in Sources */,
				896EC5FC20FDD21E005BC89F /* CAPDUGenerator.m in Sources */,
				8913AF2820FF7C8800224E26 /* SFIWithRecordNumbers.m in Sources */,
				8277EF9B20FB847800DF4BC6 /* CAPDU.m in Sources */,
				8277EF6320FB7EDE00DF4BC6 /* main.m in Sources */,
				8277EF5520FB7EDD00DF4BC6 /* AppDelegate.m in Sources */,
			);
			runOnlyForDeploymentPostprocessing = 0;
		};
		8277EF6420FB7EDE00DF4BC6 /* Sources */ = {
			isa = PBXSourcesBuildPhase;
			buildActionMask = 2147483647;
			files = (
				8277EF6D20FB7EDE00DF4BC6 /* SmartCardReaderARCTests.m in Sources */,
			);
			runOnlyForDeploymentPostprocessing = 0;
		};
/* End PBXSourcesBuildPhase section */

/* Begin PBXTargetDependency section */
		8277EF6A20FB7EDE00DF4BC6 /* PBXTargetDependency */ = {
			isa = PBXTargetDependency;
			target = 8277EF4F20FB7EDD00DF4BC6 /* SmartCardReaderARC */;
			targetProxy = 8277EF6920FB7EDE00DF4BC6 /* PBXContainerItemProxy */;
		};
/* End PBXTargetDependency section */

/* Begin PBXVariantGroup section */
		8277EF5920FB7EDD00DF4BC6 /* Main.storyboard */ = {
			isa = PBXVariantGroup;
			children = (
				8277EF5A20FB7EDD00DF4BC6 /* Base */,
			);
			name = Main.storyboard;
			sourceTree = "<group>";
		};
		8277EF5E20FB7EDE00DF4BC6 /* LaunchScreen.storyboard */ = {
			isa = PBXVariantGroup;
			children = (
				8277EF5F20FB7EDE00DF4BC6 /* Base */,
			);
			name = LaunchScreen.storyboard;
			sourceTree = "<group>";
		};
/* End PBXVariantGroup section */

/* Begin XCBuildConfiguration section */
		8277EF6F20FB7EDE00DF4BC6 /* Debug */ = {
			isa = XCBuildConfiguration;
			buildSettings = {
				ALWAYS_SEARCH_USER_PATHS = NO;
				CLANG_ANALYZER_NONNULL = YES;
				CLANG_ANALYZER_NUMBER_OBJECT_CONVERSION = YES_AGGRESSIVE;
				CLANG_CXX_LANGUAGE_STANDARD = "gnu++14";
				CLANG_CXX_LIBRARY = "libc++";
				CLANG_ENABLE_MODULES = YES;
				CLANG_ENABLE_OBJC_ARC = YES;
				CLANG_ENABLE_OBJC_WEAK = YES;
				CLANG_WARN_BLOCK_CAPTURE_AUTORELEASING = YES;
				CLANG_WARN_BOOL_CONVERSION = YES;
				CLANG_WARN_COMMA = YES;
				CLANG_WARN_CONSTANT_CONVERSION = YES;
				CLANG_WARN_DEPRECATED_OBJC_IMPLEMENTATIONS = YES;
				CLANG_WARN_DIRECT_OBJC_ISA_USAGE = YES_ERROR;
				CLANG_WARN_DOCUMENTATION_COMMENTS = YES;
				CLANG_WARN_EMPTY_BODY = YES;
				CLANG_WARN_ENUM_CONVERSION = YES;
				CLANG_WARN_INFINITE_RECURSION = YES;
				CLANG_WARN_INT_CONVERSION = YES;
				CLANG_WARN_NON_LITERAL_NULL_CONVERSION = YES;
				CLANG_WARN_OBJC_IMPLICIT_RETAIN_SELF = YES;
				CLANG_WARN_OBJC_LITERAL_CONVERSION = YES;
				CLANG_WARN_OBJC_ROOT_CLASS = YES_ERROR;
				CLANG_WARN_RANGE_LOOP_ANALYSIS = YES;
				CLANG_WARN_STRICT_PROTOTYPES = YES;
				CLANG_WARN_SUSPICIOUS_MOVE = YES;
				CLANG_WARN_UNGUARDED_AVAILABILITY = YES_AGGRESSIVE;
				CLANG_WARN_UNREACHABLE_CODE = YES;
				CLANG_WARN__DUPLICATE_METHOD_MATCH = YES;
				CODE_SIGN_IDENTITY = "iPhone Developer";
				COPY_PHASE_STRIP = NO;
				DEBUG_INFORMATION_FORMAT = dwarf;
				ENABLE_STRICT_OBJC_MSGSEND = YES;
				ENABLE_TESTABILITY = YES;
				GCC_C_LANGUAGE_STANDARD = gnu11;
				GCC_DYNAMIC_NO_PIC = NO;
				GCC_NO_COMMON_BLOCKS = YES;
				GCC_OPTIMIZATION_LEVEL = 0;
				GCC_PREPROCESSOR_DEFINITIONS = (
					"DEBUG=1",
					"$(inherited)",
				);
				GCC_WARN_64_TO_32_BIT_CONVERSION = YES;
				GCC_WARN_ABOUT_RETURN_TYPE = YES_ERROR;
				GCC_WARN_UNDECLARED_SELECTOR = YES;
				GCC_WARN_UNINITIALIZED_AUTOS = YES_AGGRESSIVE;
				GCC_WARN_UNUSED_FUNCTION = YES;
				GCC_WARN_UNUSED_VARIABLE = YES;
				IPHONEOS_DEPLOYMENT_TARGET = 11.4;
				MTL_ENABLE_DEBUG_INFO = YES;
				ONLY_ACTIVE_ARCH = YES;
				SDKROOT = iphoneos;
			};
			name = Debug;
		};
		8277EF7020FB7EDE00DF4BC6 /* Release */ = {
			isa = XCBuildConfiguration;
			buildSettings = {
				ALWAYS_SEARCH_USER_PATHS = NO;
				CLANG_ANALYZER_NONNULL = YES;
				CLANG_ANALYZER_NUMBER_OBJECT_CONVERSION = YES_AGGRESSIVE;
				CLANG_CXX_LANGUAGE_STANDARD = "gnu++14";
				CLANG_CXX_LIBRARY = "libc++";
				CLANG_ENABLE_MODULES = YES;
				CLANG_ENABLE_OBJC_ARC = YES;
				CLANG_ENABLE_OBJC_WEAK = YES;
				CLANG_WARN_BLOCK_CAPTURE_AUTORELEASING = YES;
				CLANG_WARN_BOOL_CONVERSION = YES;
				CLANG_WARN_COMMA = YES;
				CLANG_WARN_CONSTANT_CONVERSION = YES;
				CLANG_WARN_DEPRECATED_OBJC_IMPLEMENTATIONS = YES;
				CLANG_WARN_DIRECT_OBJC_ISA_USAGE = YES_ERROR;
				CLANG_WARN_DOCUMENTATION_COMMENTS = YES;
				CLANG_WARN_EMPTY_BODY = YES;
				CLANG_WARN_ENUM_CONVERSION = YES;
				CLANG_WARN_INFINITE_RECURSION = YES;
				CLANG_WARN_INT_CONVERSION = YES;
				CLANG_WARN_NON_LITERAL_NULL_CONVERSION = YES;
				CLANG_WARN_OBJC_IMPLICIT_RETAIN_SELF = YES;
				CLANG_WARN_OBJC_LITERAL_CONVERSION = YES;
				CLANG_WARN_OBJC_ROOT_CLASS = YES_ERROR;
				CLANG_WARN_RANGE_LOOP_ANALYSIS = YES;
				CLANG_WARN_STRICT_PROTOTYPES = YES;
				CLANG_WARN_SUSPICIOUS_MOVE = YES;
				CLANG_WARN_UNGUARDED_AVAILABILITY = YES_AGGRESSIVE;
				CLANG_WARN_UNREACHABLE_CODE = YES;
				CLANG_WARN__DUPLICATE_METHOD_MATCH = YES;
				CODE_SIGN_IDENTITY = "iPhone Developer";
				COPY_PHASE_STRIP = NO;
				DEBUG_INFORMATION_FORMAT = "dwarf-with-dsym";
				ENABLE_NS_ASSERTIONS = NO;
				ENABLE_STRICT_OBJC_MSGSEND = YES;
				GCC_C_LANGUAGE_STANDARD = gnu11;
				GCC_NO_COMMON_BLOCKS = YES;
				GCC_WARN_64_TO_32_BIT_CONVERSION = YES;
				GCC_WARN_ABOUT_RETURN_TYPE = YES_ERROR;
				GCC_WARN_UNDECLARED_SELECTOR = YES;
				GCC_WARN_UNINITIALIZED_AUTOS = YES_AGGRESSIVE;
				GCC_WARN_UNUSED_FUNCTION = YES;
				GCC_WARN_UNUSED_VARIABLE = YES;
				IPHONEOS_DEPLOYMENT_TARGET = 11.4;
				MTL_ENABLE_DEBUG_INFO = NO;
				SDKROOT = iphoneos;
				VALIDATE_PRODUCT = YES;
			};
			name = Release;
		};
		8277EF7220FB7EDE00DF4BC6 /* Debug */ = {
			isa = XCBuildConfiguration;
			baseConfigurationReference = 8D28A030C0AB434E6807CB68 /* Pods-SmartCardReaderARC.debug.xcconfig */;
			buildSettings = {
				ASSETCATALOG_COMPILER_APPICON_NAME = AppIcon;
				CODE_SIGN_STYLE = Manual;
				DEVELOPMENT_TEAM = LAA69LK8PF;
				ENABLE_BITCODE = NO;
				INFOPLIST_FILE = SmartCardReaderARC/Info.plist;
				LD_RUNPATH_SEARCH_PATHS = (
					"$(inherited)",
					"@executable_path/Frameworks",
				);
				LIBRARY_SEARCH_PATHS = (
					"$(inherited)",
					"$(PROJECT_DIR)/TactivoSDK/lib",
				);
				PRODUCT_BUNDLE_IDENTIFIER = com.netcetera.smartCardReaderARC;
				PRODUCT_NAME = "$(TARGET_NAME)";
				PROVISIONING_PROFILE = "2b7a75b3-f221-4cb8-8d9a-1ce815fe893e";
				PROVISIONING_PROFILE_SPECIFIER = GenericDevelopmentNew;
				TARGETED_DEVICE_FAMILY = "1,2";
				USER_HEADER_SEARCH_PATHS = "$(PROJECT_DIR)/TactivoSDK/headers";
			};
			name = Debug;
		};
		8277EF7320FB7EDE00DF4BC6 /* Release */ = {
			isa = XCBuildConfiguration;
			baseConfigurationReference = 61A5E681FC7E0A2FBE338A05 /* Pods-SmartCardReaderARC.release.xcconfig */;
			buildSettings = {
				ASSETCATALOG_COMPILER_APPICON_NAME = AppIcon;
				CODE_SIGN_STYLE = Manual;
				DEVELOPMENT_TEAM = "";
				ENABLE_BITCODE = NO;
				INFOPLIST_FILE = SmartCardReaderARC/Info.plist;
				LD_RUNPATH_SEARCH_PATHS = (
					"$(inherited)",
					"@executable_path/Frameworks",
				);
				LIBRARY_SEARCH_PATHS = (
					"$(inherited)",
					"$(PROJECT_DIR)/TactivoSDK/lib",
				);
				PRODUCT_BUNDLE_IDENTIFIER = com.netcetera.smartCardReaderARC;
				PRODUCT_NAME = "$(TARGET_NAME)";
				PROVISIONING_PROFILE_SPECIFIER = "";
				TARGETED_DEVICE_FAMILY = "1,2";
				USER_HEADER_SEARCH_PATHS = "$(PROJECT_DIR)/TactivoSDK/headers";
			};
			name = Release;
		};
		8277EF7520FB7EDE00DF4BC6 /* Debug */ = {
			isa = XCBuildConfiguration;
			baseConfigurationReference = C5CEC8C1C3D22C0CE27C1D0F /* Pods-SmartCardReaderARCTests.debug.xcconfig */;
			buildSettings = {
				BUNDLE_LOADER = "$(TEST_HOST)";
				CODE_SIGN_STYLE = Automatic;
				INFOPLIST_FILE = SmartCardReaderARCTests/Info.plist;
				LD_RUNPATH_SEARCH_PATHS = (
					"$(inherited)",
					"@executable_path/Frameworks",
					"@loader_path/Frameworks",
				);
				PRODUCT_BUNDLE_IDENTIFIER = com.andrejtrajkovski.SmartCardReaderARCTests;
				PRODUCT_NAME = "$(TARGET_NAME)";
				TARGETED_DEVICE_FAMILY = "1,2";
				TEST_HOST = "$(BUILT_PRODUCTS_DIR)/SmartCardReaderARC.app/SmartCardReaderARC";
			};
			name = Debug;
		};
		8277EF7620FB7EDE00DF4BC6 /* Release */ = {
			isa = XCBuildConfiguration;
			baseConfigurationReference = 338B2713C0CC1C13E01E1629 /* Pods-SmartCardReaderARCTests.release.xcconfig */;
			buildSettings = {
				BUNDLE_LOADER = "$(TEST_HOST)";
				CODE_SIGN_STYLE = Automatic;
				INFOPLIST_FILE = SmartCardReaderARCTests/Info.plist;
				LD_RUNPATH_SEARCH_PATHS = (
					"$(inherited)",
					"@executable_path/Frameworks",
					"@loader_path/Frameworks",
				);
				PRODUCT_BUNDLE_IDENTIFIER = com.andrejtrajkovski.SmartCardReaderARCTests;
				PRODUCT_NAME = "$(TARGET_NAME)";
				TARGETED_DEVICE_FAMILY = "1,2";
				TEST_HOST = "$(BUILT_PRODUCTS_DIR)/SmartCardReaderARC.app/SmartCardReaderARC";
			};
			name = Release;
		};
/* End XCBuildConfiguration section */

/* Begin XCConfigurationList section */
		8277EF4B20FB7EDD00DF4BC6 /* Build configuration list for PBXProject "SmartCardReaderARC" */ = {
			isa = XCConfigurationList;
			buildConfigurations = (
				8277EF6F20FB7EDE00DF4BC6 /* Debug */,
				8277EF7020FB7EDE00DF4BC6 /* Release */,
			);
			defaultConfigurationIsVisible = 0;
			defaultConfigurationName = Release;
		};
		8277EF7120FB7EDE00DF4BC6 /* Build configuration list for PBXNativeTarget "SmartCardReaderARC" */ = {
			isa = XCConfigurationList;
			buildConfigurations = (
				8277EF7220FB7EDE00DF4BC6 /* Debug */,
				8277EF7320FB7EDE00DF4BC6 /* Release */,
			);
			defaultConfigurationIsVisible = 0;
			defaultConfigurationName = Release;
		};
		8277EF7420FB7EDE00DF4BC6 /* Build configuration list for PBXNativeTarget "SmartCardReaderARCTests" */ = {
			isa = XCConfigurationList;
			buildConfigurations = (
				8277EF7520FB7EDE00DF4BC6 /* Debug */,
				8277EF7620FB7EDE00DF4BC6 /* Release */,
			);
			defaultConfigurationIsVisible = 0;
			defaultConfigurationName = Release;
		};
/* End XCConfigurationList section */
	};
	rootObject = 8277EF4820FB7EDD00DF4BC6 /* Project object */;
}
